
Microsoft Visual Studio Solution File, Format Version 12.00
Project("{FAE04EC0-301F-11D3-BF4B-00C04F79EFBC}") = "Mono3DPart3", "Mono3DPart3.csproj", "{DB207C58-E160-4FB6-A529-655B8AEBB125}"
EndProject
Global
	GlobalSection(SolutionConfigurationPlatforms) = preSolution
		Debug|Any CPU = Debug|Any CPU
		Release|Any CPU = Release|Any CPU
	EndGlobalSection
	GlobalSection(ProjectConfigurationPlatforms) = postSolution
		{DB207C58-E160-4FB6-A529-655B8AEBB125}.Debug|Any CPU.ActiveCfg = Debug|Any CPU
		{DB207C58-E160-4FB6-A529-655B8AEBB125}.Debug|Any CPU.Build.0 = Debug|Any CPU
		{DB207C58-E160-4FB6-A529-655B8AEBB125}.Release|Any CPU.ActiveCfg = Release|Any CPU
		{DB207C58-E160-4FB6-A529-655B8AEBB125}.Release|Any CPU.Build.0 = Release|Any CPU
	EndGlobalSection
EndGlobal
